// !$*UTF8*$!
{
	archiveVersion = 1;
	classes = {
	};
	objectVersion = 56;
	objects = {

/* Begin PBXBuildFile section */
		4467E92D2ADC46F90037949C /* PlayerViewController.swift in Sources */ = {isa = PBXBuildFile; fileRef = 4467E92C2ADC46F90037949C /* PlayerViewController.swift */; };
		4467E92F2ADC47040037949C /* PlayerView.swift in Sources */ = {isa = PBXBuildFile; fileRef = 4467E92E2ADC47040037949C /* PlayerView.swift */; };
		4467E9322ADC4A900037949C /* SnapKit in Frameworks */ = {isa = PBXBuildFile; productRef = 4467E9312ADC4A900037949C /* SnapKit */; };
		4468774E2ADC455900131B5B /* AppDelegate.swift in Sources */ = {isa = PBXBuildFile; fileRef = 4468774D2ADC455900131B5B /* AppDelegate.swift */; };
		446877502ADC455900131B5B /* SceneDelegate.swift in Sources */ = {isa = PBXBuildFile; fileRef = 4468774F2ADC455900131B5B /* SceneDelegate.swift */; };
		446877552ADC455900131B5B /* Main.storyboard in Resources */ = {isa = PBXBuildFile; fileRef = 446877532ADC455900131B5B /* Main.storyboard */; };
		446877572ADC455A00131B5B /* Assets.xcassets in Resources */ = {isa = PBXBuildFile; fileRef = 446877562ADC455A00131B5B /* Assets.xcassets */; };
		4468775A2ADC455A00131B5B /* LaunchScreen.storyboard in Resources */ = {isa = PBXBuildFile; fileRef = 446877582ADC455A00131B5B /* LaunchScreen.storyboard */; };
		B1618C47FBC5D88D02BEC0C2 /* Pods_VLCStream.framework in Frameworks */ = {isa = PBXBuildFile; fileRef = F2E6F6F2B19365C6E5EF92CA /* Pods_VLCStream.framework */; };
/* End PBXBuildFile section */

/* Begin PBXFileReference section */
		4467E92C2ADC46F90037949C /* PlayerViewController.swift */ = {isa = PBXFileReference; lastKnownFileType = sourcecode.swift; path = PlayerViewController.swift; sourceTree = "<group>"; };
		4467E92E2ADC47040037949C /* PlayerView.swift */ = {isa = PBXFileReference; lastKnownFileType = sourcecode.swift; path = PlayerView.swift; sourceTree = "<group>"; };
		4468774A2ADC455900131B5B /* VLCStream.app */ = {isa = PBXFileReference; explicitFileType = wrapper.application; includeInIndex = 0; path = VLCStream.app; sourceTree = BUILT_PRODUCTS_DIR; };
		4468774D2ADC455900131B5B /* AppDelegate.swift */ = {isa = PBXFileReference; lastKnownFileType = sourcecode.swift; path = AppDelegate.swift; sourceTree = "<group>"; };
		4468774F2ADC455900131B5B /* SceneDelegate.swift */ = {isa = PBXFileReference; lastKnownFileType = sourcecode.swift; path = SceneDelegate.swift; sourceTree = "<group>"; };
		446877542ADC455900131B5B /* Base */ = {isa = PBXFileReference; lastKnownFileType = file.storyboard; name = Base; path = Base.lproj/Main.storyboard; sourceTree = "<group>"; };
		446877562ADC455A00131B5B /* Assets.xcassets */ = {isa = PBXFileReference; lastKnownFileType = folder.assetcatalog; path = Assets.xcassets; sourceTree = "<group>"; };
		446877592ADC455A00131B5B /* Base */ = {isa = PBXFileReference; lastKnownFileType = file.storyboard; name = Base; path = Base.lproj/LaunchScreen.storyboard; sourceTree = "<group>"; };
		4468775B2ADC455A00131B5B /* Info.plist */ = {isa = PBXFileReference; lastKnownFileType = text.plist.xml; path = Info.plist; sourceTree = "<group>"; };
		E13E98E864E71FD761286D11 /* Pods-VLCStream.release.xcconfig */ = {isa = PBXFileReference; includeInIndex = 1; lastKnownFileType = text.xcconfig; name = "Pods-VLCStream.release.xcconfig"; path = "Target Support Files/Pods-VLCStream/Pods-VLCStream.release.xcconfig"; sourceTree = "<group>"; };
		F20C6B09AFD27B82A0EBACA3 /* Pods-VLCStream.debug.xcconfig */ = {isa = PBXFileReference; includeInIndex = 1; lastKnownFileType = text.xcconfig; name = "Pods-VLCStream.debug.xcconfig"; path = "Target Support Files/Pods-VLCStream/Pods-VLCStream.debug.xcconfig"; sourceTree = "<group>"; };
		F2E6F6F2B19365C6E5EF92CA /* Pods_VLCStream.framework */ = {isa = PBXFileReference; explicitFileType = wrapper.framework; includeInIndex = 0; path = Pods_VLCStream.framework; sourceTree = BUILT_PRODUCTS_DIR; };
/* End PBXFileReference section */

/* Begin PBXFrameworksBuildPhase section */
		446877472ADC455900131B5B /* Frameworks */ = {
			isa = PBXFrameworksBuildPhase;
			buildActionMask = 2147483647;
			files = (
				B1618C47FBC5D88D02BEC0C2 /* Pods_VLCStream.framework in Frameworks */,
				4467E9322ADC4A900037949C /* SnapKit in Frameworks */,
			);
			runOnlyForDeploymentPostprocessing = 0;
		};
/* End PBXFrameworksBuildPhase section */

/* Begin PBXGroup section */
		4467E9292ADC46840037949C /* Resources */ = {
			isa = PBXGroup;
			children = (
				446877532ADC455900131B5B /* Main.storyboard */,
				446877562ADC455A00131B5B /* Assets.xcassets */,
				446877582ADC455A00131B5B /* LaunchScreen.storyboard */,
				4468775B2ADC455A00131B5B /* Info.plist */,
			);
			path = Resources;
			sourceTree = "<group>";
		};
		4467E92A2ADC468A0037949C /* App */ = {
			isa = PBXGroup;
			children = (
				4468774D2ADC455900131B5B /* AppDelegate.swift */,
				4468774F2ADC455900131B5B /* SceneDelegate.swift */,
			);
			path = App;
			sourceTree = "<group>";
		};
		4467E92B2ADC46EA0037949C /* Scenes */ = {
			isa = PBXGroup;
			children = (
				4467E92C2ADC46F90037949C /* PlayerViewController.swift */,
				4467E92E2ADC47040037949C /* PlayerView.swift */,
			);
			path = Scenes;
			sourceTree = "<group>";
		};
		446877412ADC455900131B5B = {
			isa = PBXGroup;
			children = (
				4468774C2ADC455900131B5B /* VLCStream */,
				4468774B2ADC455900131B5B /* Products */,
				A7635E240A55F4DD71A4BECE /* Pods */,
				6125BAAD00C18CF505B77EC8 /* Frameworks */,
			);
			sourceTree = "<group>";
		};
		4468774B2ADC455900131B5B /* Products */ = {
			isa = PBXGroup;
			children = (
				4468774A2ADC455900131B5B /* VLCStream.app */,
			);
			name = Products;
			sourceTree = "<group>";
		};
		4468774C2ADC455900131B5B /* VLCStream */ = {
			isa = PBXGroup;
			children = (
				4467E92A2ADC468A0037949C /* App */,
				4467E92B2ADC46EA0037949C /* Scenes */,
				4467E9292ADC46840037949C /* Resources */,
			);
			path = VLCStream;
			sourceTree = "<group>";
		};
		6125BAAD00C18CF505B77EC8 /* Frameworks */ = {
			isa = PBXGroup;
			children = (
				F2E6F6F2B19365C6E5EF92CA /* Pods_VLCStream.framework */,
			);
			name = Frameworks;
			sourceTree = "<group>";
		};
		A7635E240A55F4DD71A4BECE /* Pods */ = {
			isa = PBXGroup;
			children = (
				F20C6B09AFD27B82A0EBACA3 /* Pods-VLCStream.debug.xcconfig */,
				E13E98E864E71FD761286D11 /* Pods-VLCStream.release.xcconfig */,
			);
			path = Pods;
			sourceTree = "<group>";
		};
/* End PBXGroup section */

/* Begin PBXNativeTarget section */
		446877492ADC455900131B5B /* VLCStream */ = {
			isa = PBXNativeTarget;
			buildConfigurationList = 4468775E2ADC455A00131B5B /* Build configuration list for PBXNativeTarget "VLCStream" */;
			buildPhases = (
				ACB85742F5A52358E0B39DE8 /* [CP] Check Pods Manifest.lock */,
				446877462ADC455900131B5B /* Sources */,
				446877472ADC455900131B5B /* Frameworks */,
				446877482ADC455900131B5B /* Resources */,
				F1427AB4F3FBF96D8D2EB2C8 /* [CP] Embed Pods Frameworks */,
			);
			buildRules = (
			);
			dependencies = (
			);
			name = VLCStream;
			packageProductDependencies = (
				4467E9312ADC4A900037949C /* SnapKit */,
			);
			productName = VLCStream;
			productReference = 4468774A2ADC455900131B5B /* VLCStream.app */;
			productType = "com.apple.product-type.application";
		};
/* End PBXNativeTarget section */

/* Begin PBXProject section */
		446877422ADC455900131B5B /* Project object */ = {
			isa = PBXProject;
			attributes = {
				BuildIndependentTargetsInParallel = 1;
				LastSwiftUpdateCheck = 1420;
				LastUpgradeCheck = 1420;
				TargetAttributes = {
					446877492ADC455900131B5B = {
						CreatedOnToolsVersion = 14.2;
					};
				};
			};
			buildConfigurationList = 446877452ADC455900131B5B /* Build configuration list for PBXProject "VLCStream" */;
			compatibilityVersion = "Xcode 14.0";
			developmentRegion = en;
			hasScannedForEncodings = 0;
			knownRegions = (
				en,
				Base,
			);
			mainGroup = 446877412ADC455900131B5B;
			packageReferences = (
				4467E9302ADC4A900037949C /* XCRemoteSwiftPackageReference "SnapKit" */,
			);
			productRefGroup = 4468774B2ADC455900131B5B /* Products */;
			projectDirPath = "";
			projectRoot = "";
			targets = (
				446877492ADC455900131B5B /* VLCStream */,
			);
		};
/* End PBXProject section */

/* Begin PBXResourcesBuildPhase section */
		446877482ADC455900131B5B /* Resources */ = {
			isa = PBXResourcesBuildPhase;
			buildActionMask = 2147483647;
			files = (
				4468775A2ADC455A00131B5B /* LaunchScreen.storyboard in Resources */,
				446877572ADC455A00131B5B /* Assets.xcassets in Resources */,
				446877552ADC455900131B5B /* Main.storyboard in Resources */,
			);
			runOnlyForDeploymentPostprocessing = 0;
		};
/* End PBXResourcesBuildPhase section */

/* Begin PBXShellScriptBuildPhase section */
		ACB85742F5A52358E0B39DE8 /* [CP] Check Pods Manifest.lock */ = {
			isa = PBXShellScriptBuildPhase;
			buildActionMask = 2147483647;
			files = (
			);
			inputFileListPaths = (
			);
			inputPaths = (
				"${PODS_PODFILE_DIR_PATH}/Podfile.lock",
				"${PODS_ROOT}/Manifest.lock",
			);
			name = "[CP] Check Pods Manifest.lock";
			outputFileListPaths = (
			);
			outputPaths = (
				"$(DERIVED_FILE_DIR)/Pods-VLCStream-checkManifestLockResult.txt",
			);
			runOnlyForDeploymentPostprocessing = 0;
			shellPath = /bin/sh;
			shellScript = "diff \"${PODS_PODFILE_DIR_PATH}/Podfile.lock\" \"${PODS_ROOT}/Manifest.lock\" > /dev/null\nif [ $? != 0 ] ; then\n    # print error to STDERR\n    echo \"error: The sandbox is not in sync with the Podfile.lock. Run 'pod install' or update your CocoaPods installation.\" >&2\n    exit 1\nfi\n# This output is used by Xcode 'outputs' to avoid re-running this script phase.\necho \"SUCCESS\" > \"${SCRIPT_OUTPUT_FILE_0}\"\n";
			showEnvVarsInLog = 0;
		};
		F1427AB4F3FBF96D8D2EB2C8 /* [CP] Embed Pods Frameworks */ = {
			isa = PBXShellScriptBuildPhase;
			buildActionMask = 2147483647;
			files = (
			);
			inputFileListPaths = (
				"${PODS_ROOT}/Target Support Files/Pods-VLCStream/Pods-VLCStream-frameworks-${CONFIGURATION}-input-files.xcfilelist",
			);
			name = "[CP] Embed Pods Frameworks";
			outputFileListPaths = (
				"${PODS_ROOT}/Target Support Files/Pods-VLCStream/Pods-VLCStream-frameworks-${CONFIGURATION}-output-files.xcfilelist",
			);
			runOnlyForDeploymentPostprocessing = 0;
			shellPath = /bin/sh;
			shellScript = "\"${PODS_ROOT}/Target Support Files/Pods-VLCStream/Pods-VLCStream-frameworks.sh\"\n";
			showEnvVarsInLog = 0;
		};
/* End PBXShellScriptBuildPhase section */

/* Begin PBXSourcesBuildPhase section */
		446877462ADC455900131B5B /* Sources */ = {
			isa = PBXSourcesBuildPhase;
			buildActionMask = 2147483647;
			files = (
				4467E92D2ADC46F90037949C /* PlayerViewController.swift in Sources */,
				4468774E2ADC455900131B5B /* AppDelegate.swift in Sources */,
				4467E92F2ADC47040037949C /* PlayerView.swift in Sources */,
				446877502ADC455900131B5B /* SceneDelegate.swift in Sources */,
			);
			runOnlyForDeploymentPostprocessing = 0;
		};
/* End PBXSourcesBuildPhase section */

/* Begin PBXVariantGroup section */
		446877532ADC455900131B5B /* Main.storyboard */ = {
			isa = PBXVariantGroup;
			children = (
				446877542ADC455900131B5B /* Base */,
			);
			name = Main.storyboard;
			sourceTree = "<group>";
		};
		446877582ADC455A00131B5B /* LaunchScreen.storyboard */ = {
			isa = PBXVariantGroup;
			children = (
				446877592ADC455A00131B5B /* Base */,
			);
			name = LaunchScreen.storyboard;
			sourceTree = "<group>";
		};
/* End PBXVariantGroup section */

/* Begin XCBuildConfiguration section */
		4468775C2ADC455A00131B5B /* Debug */ = {
			isa = XCBuildConfiguration;
			buildSettings = {
				ALWAYS_SEARCH_USER_PATHS = NO;
				CLANG_ANALYZER_NONNULL = YES;
				CLANG_ANALYZER_NUMBER_OBJECT_CONVERSION = YES_AGGRESSIVE;
				CLANG_CXX_LANGUAGE_STANDARD = "gnu++20";
				CLANG_ENABLE_MODULES = YES;
				CLANG_ENABLE_OBJC_ARC = YES;
				CLANG_ENABLE_OBJC_WEAK = YES;
				CLANG_WARN_BLOCK_CAPTURE_AUTORELEASING = YES;
				CLANG_WARN_BOOL_CONVERSION = YES;
				CLANG_WARN_COMMA = YES;
				CLANG_WARN_CONSTANT_CONVERSION = YES;
				CLANG_WARN_DEPRECATED_OBJC_IMPLEMENTATIONS = YES;
				CLANG_WARN_DIRECT_OBJC_ISA_USAGE = YES_ERROR;
				CLANG_WARN_DOCUMENTATION_COMMENTS = YES;
				CLANG_WARN_EMPTY_BODY = YES;
				CLANG_WARN_ENUM_CONVERSION = YES;
				CLANG_WARN_INFINITE_RECURSION = YES;
				CLANG_WARN_INT_CONVERSION = YES;
				CLANG_WARN_NON_LITERAL_NULL_CONVERSION = YES;
				CLANG_WARN_OBJC_IMPLICIT_RETAIN_SELF = YES;
				CLANG_WARN_OBJC_LITERAL_CONVERSION = YES;
				CLANG_WARN_OBJC_ROOT_CLASS = YES_ERROR;
				CLANG_WARN_QUOTED_INCLUDE_IN_FRAMEWORK_HEADER = YES;
				CLANG_WARN_RANGE_LOOP_ANALYSIS = YES;
				CLANG_WARN_STRICT_PROTOTYPES = YES;
				CLANG_WARN_SUSPICIOUS_MOVE = YES;
				CLANG_WARN_UNGUARDED_AVAILABILITY = YES_AGGRESSIVE;
				CLANG_WARN_UNREACHABLE_CODE = YES;
				CLANG_WARN__DUPLICATE_METHOD_MATCH = YES;
				COPY_PHASE_STRIP = NO;
				DEBUG_INFORMATION_FORMAT = dwarf;
				ENABLE_STRICT_OBJC_MSGSEND = YES;
				ENABLE_TESTABILITY = YES;
				GCC_C_LANGUAGE_STANDARD = gnu11;
				GCC_DYNAMIC_NO_PIC = NO;
				GCC_NO_COMMON_BLOCKS = YES;
				GCC_OPTIMIZATION_LEVEL = 0;
				GCC_PREPROCESSOR_DEFINITIONS = (
					"DEBUG=1",
					"$(inherited)",
				);
				GCC_WARN_64_TO_32_BIT_CONVERSION = YES;
				GCC_WARN_ABOUT_RETURN_TYPE = YES_ERROR;
				GCC_WARN_UNDECLARED_SELECTOR = YES;
				GCC_WARN_UNINITIALIZED_AUTOS = YES_AGGRESSIVE;
				GCC_WARN_UNUSED_FUNCTION = YES;
				GCC_WARN_UNUSED_VARIABLE = YES;
				IPHONEOS_DEPLOYMENT_TARGET = 16.2;
				MTL_ENABLE_DEBUG_INFO = INCLUDE_SOURCE;
				MTL_FAST_MATH = YES;
				ONLY_ACTIVE_ARCH = YES;
				SDKROOT = iphoneos;
				SWIFT_ACTIVE_COMPILATION_CONDITIONS = DEBUG;
				SWIFT_OPTIMIZATION_LEVEL = "-Onone";
			};
			name = Debug;
		};
		4468775D2ADC455A00131B5B /* Release */ = {
			isa = XCBuildConfiguration;
			buildSettings = {
				ALWAYS_SEARCH_USER_PATHS = NO;
				CLANG_ANALYZER_NONNULL = YES;
				CLANG_ANALYZER_NUMBER_OBJECT_CONVERSION = YES_AGGRESSIVE;
				CLANG_CXX_LANGUAGE_STANDARD = "gnu++20";
				CLANG_ENABLE_MODULES = YES;
				CLANG_ENABLE_OBJC_ARC = YES;
				CLANG_ENABLE_OBJC_WEAK = YES;
				CLANG_WARN_BLOCK_CAPTURE_AUTORELEASING = YES;
				CLANG_WARN_BOOL_CONVERSION = YES;
				CLANG_WARN_COMMA = YES;
				CLANG_WARN_CONSTANT_CONVERSION = YES;
				CLANG_WARN_DEPRECATED_OBJC_IMPLEMENTATIONS = YES;
				CLANG_WARN_DIRECT_OBJC_ISA_USAGE = YES_ERROR;
				CLANG_WARN_DOCUMENTATION_COMMENTS = YES;
				CLANG_WARN_EMPTY_BODY = YES;
				CLANG_WARN_ENUM_CONVERSION = YES;
				CLANG_WARN_INFINITE_RECURSION = YES;
				CLANG_WARN_INT_CONVERSION = YES;
				CLANG_WARN_NON_LITERAL_NULL_CONVERSION = YES;
				CLANG_WARN_OBJC_IMPLICIT_RETAIN_SELF = YES;
				CLANG_WARN_OBJC_LITERAL_CONVERSION = YES;
				CLANG_WARN_OBJC_ROOT_CLASS = YES_ERROR;
				CLANG_WARN_QUOTED_INCLUDE_IN_FRAMEWORK_HEADER = YES;
				CLANG_WARN_RANGE_LOOP_ANALYSIS = YES;
				CLANG_WARN_STRICT_PROTOTYPES = YES;
				CLANG_WARN_SUSPICIOUS_MOVE = YES;
				CLANG_WARN_UNGUARDED_AVAILABILITY = YES_AGGRESSIVE;
				CLANG_WARN_UNREACHABLE_CODE = YES;
				CLANG_WARN__DUPLICATE_METHOD_MATCH = YES;
				COPY_PHASE_STRIP = NO;
				DEBUG_INFORMATION_FORMAT = "dwarf-with-dsym";
				ENABLE_NS_ASSERTIONS = NO;
				ENABLE_STRICT_OBJC_MSGSEND = YES;
				GCC_C_LANGUAGE_STANDARD = gnu11;
				GCC_NO_COMMON_BLOCKS = YES;
				GCC_WARN_64_TO_32_BIT_CONVERSION = YES;
				GCC_WARN_ABOUT_RETURN_TYPE = YES_ERROR;
				GCC_WARN_UNDECLARED_SELECTOR = YES;
				GCC_WARN_UNINITIALIZED_AUTOS = YES_AGGRESSIVE;
				GCC_WARN_UNUSED_FUNCTION = YES;
				GCC_WARN_UNUSED_VARIABLE = YES;
				IPHONEOS_DEPLOYMENT_TARGET = 16.2;
				MTL_ENABLE_DEBUG_INFO = NO;
				MTL_FAST_MATH = YES;
				SDKROOT = iphoneos;
				SWIFT_COMPILATION_MODE = wholemodule;
				SWIFT_OPTIMIZATION_LEVEL = "-O";
				VALIDATE_PRODUCT = YES;
			};
			name = Release;
		};
		4468775F2ADC455A00131B5B /* Debug */ = {
			isa = XCBuildConfiguration;
			baseConfigurationReference = F20C6B09AFD27B82A0EBACA3 /* Pods-VLCStream.debug.xcconfig */;
			buildSettings = {
				ASSETCATALOG_COMPILER_APPICON_NAME = AppIcon;
				ASSETCATALOG_COMPILER_GLOBAL_ACCENT_COLOR_NAME = AccentColor;
				CODE_SIGN_STYLE = Automatic;
				CURRENT_PROJECT_VERSION = 1;
				DEVELOPMENT_TEAM = QJ6ZSAGM2B;
				GENERATE_INFOPLIST_FILE = YES;
				INFOPLIST_FILE = VLCStream/Resources/Info.plist;
				INFOPLIST_KEY_UIApplicationSupportsIndirectInputEvents = YES;
				INFOPLIST_KEY_UILaunchStoryboardName = LaunchScreen;
				INFOPLIST_KEY_UIMainStoryboardFile = Main;
				INFOPLIST_KEY_UISupportedInterfaceOrientations_iPad = "UIInterfaceOrientationPortrait UIInterfaceOrientationPortraitUpsideDown UIInterfaceOrientationLandscapeLeft UIInterfaceOrientationLandscapeRight";
				INFOPLIST_KEY_UISupportedInterfaceOrientations_iPhone = "UIInterfaceOrientationPortrait UIInterfaceOrientationLandscapeLeft UIInterfaceOrientationLandscapeRight";
				LD_RUNPATH_SEARCH_PATHS = (
					"$(inherited)",
					"@executable_path/Frameworks",
				);
				MARKETING_VERSION = 1.0;
				PRODUCT_BUNDLE_IDENTIFIER = youngblader.VLCStream;
				PRODUCT_NAME = "$(TARGET_NAME)";
				SWIFT_EMIT_LOC_STRINGS = YES;
				SWIFT_VERSION = 5.0;
				TARGETED_DEVICE_FAMILY = "1,2";
			};
			name = Debug;
		};
		446877602ADC455A00131B5B /* Release */ = {
			isa = XCBuildConfiguration;
			baseConfigurationReference = E13E98E864E71FD761286D11 /* Pods-VLCStream.release.xcconfig */;
			buildSettings = {
				ASSETCATALOG_COMPILER_APPICON_NAME = AppIcon;
				ASSETCATALOG_COMPILER_GLOBAL_ACCENT_COLOR_NAME = AccentColor;
				CODE_SIGN_STYLE = Automatic;
				CURRENT_PROJECT_VERSION = 1;
				DEVELOPMENT_TEAM = QJ6ZSAGM2B;
				GENERATE_INFOPLIST_FILE = YES;
				INFOPLIST_FILE = VLCStream/Resources/Info.plist;
				INFOPLIST_KEY_UIApplicationSupportsIndirectInputEvents = YES;
				INFOPLIST_KEY_UILaunchStoryboardName = LaunchScreen;
				INFOPLIST_KEY_UIMainStoryboardFile = Main;
				INFOPLIST_KEY_UISupportedInterfaceOrientations_iPad = "UIInterfaceOrientationPortrait UIInterfaceOrientationPortraitUpsideDown UIInterfaceOrientationLandscapeLeft UIInterfaceOrientationLandscapeRight";
				INFOPLIST_KEY_UISupportedInterfaceOrientations_iPhone = "UIInterfaceOrientationPortrait UIInterfaceOrientationLandscapeLeft UIInterfaceOrientationLandscapeRight";
				LD_RUNPATH_SEARCH_PATHS = (
					"$(inherited)",
					"@executable_path/Frameworks",
				);
				MARKETING_VERSION = 1.0;
				PRODUCT_BUNDLE_IDENTIFIER = youngblader.VLCStream;
				PRODUCT_NAME = "$(TARGET_NAME)";
				SWIFT_EMIT_LOC_STRINGS = YES;
				SWIFT_VERSION = 5.0;
				TARGETED_DEVICE_FAMILY = "1,2";
			};
			name = Release;
		};
/* End XCBuildConfiguration section */

/* Begin XCConfigurationList section */
		446877452ADC455900131B5B /* Build configuration list for PBXProject "VLCStream" */ = {
			isa = XCConfigurationList;
			buildConfigurations = (
				4468775C2ADC455A00131B5B /* Debug */,
				4468775D2ADC455A00131B5B /* Release */,
			);
			defaultConfigurationIsVisible = 0;
			defaultConfigurationName = Release;
		};
		4468775E2ADC455A00131B5B /* Build configuration list for PBXNativeTarget "VLCStream" */ = {
			isa = XCConfigurationList;
			buildConfigurations = (
				4468775F2ADC455A00131B5B /* Debug */,
				446877602ADC455A00131B5B /* Release */,
			);
			defaultConfigurationIsVisible = 0;
			defaultConfigurationName = Release;
		};
/* End XCConfigurationList section */

/* Begin XCRemoteSwiftPackageReference section */
		4467E9302ADC4A900037949C /* XCRemoteSwiftPackageReference "SnapKit" */ = {
			isa = XCRemoteSwiftPackageReference;
			repositoryURL = "https://github.com/SnapKit/SnapKit";
			requirement = {
				kind = upToNextMinorVersion;
				minimumVersion = 5.6.0;
			};
		};
/* End XCRemoteSwiftPackageReference section */

/* Begin XCSwiftPackageProductDependency section */
		4467E9312ADC4A900037949C /* SnapKit */ = {
			isa = XCSwiftPackageProductDependency;
			package = 4467E9302ADC4A900037949C /* XCRemoteSwiftPackageReference "SnapKit" */;
			productName = SnapKit;
		};
/* End XCSwiftPackageProductDependency section */
	};
	rootObject = 446877422ADC455900131B5B /* Project object */;
}
